# Verified project .venv on Windows/Python 3.10 on 2026-08-25.
# CUDA wheel source is the official PyTorch index.
--extra-index-url https://download.pytorch.org/whl/cu126

aeon==1.3.0
aiohappyeyeballs==2.7.1
aiohttp==3.14.3
aiosignal==1.4.0
async-timeout==5.0.1
attrs==26.1.0
certifi==2026.7.22
cffi==2.1.1
charset-normalizer==3.5.1
colorama==0.4.6
contourpy==1.3.2
cycler==0.12.1
Deprecated==1.3.1
exceptiongroup==1.3.1
filelock==3.32.3
fonttools==4.63.0
frozenlist==1.8.0
fsspec==2026.7.0
idna==3.19
iniconfig==2.3.0
Jinja2==3.1.6
joblib==1.5.3
kiwisolver==1.5.0
llvmlite==0.44.0
MarkupSafe==3.0.3
matplotlib==3.10.9
mpmath==1.3.0
multidict==6.7.1
networkx==3.4.2
numba==0.61.2
numpy==2.2.6
packaging==26.3
pandas==2.3.3
pillow==12.3.0
pluggy==1.6.0
propcache==0.5.2
pycparser==3.0
pyEDFlib==0.1.42
Pygments==2.21.0
pyparsing==3.3.2
pytest==9.1.1
python-dateutil==2.9.0.post0
pytz==2026.3.post1
PyYAML==6.0.3
requests==2.34.2
scikit-learn==1.7.2
scipy==1.15.3
six==1.17.0
soundfile==0.14.0
sympy==1.14.0
threadpoolctl==3.6.0
tomli==2.4.1
torch==2.12.1+cu126
typing_extensions==4.16.0
tzdata==2026.3
urllib3==2.7.0
wfdb==4.3.0
wrapt==2.3.0
yarl==1.24.5
